// !$*UTF8*$!
{
	archiveVersion = 1;
	classes = {
	};
	objectVersion = 56;
	objects = {

/* Begin PBXBuildFile section */
		C6828F992A7ADBD9002CCBD8 /* AppDelegate.swift in Sources */ = {isa = PBXBuildFile; fileRef = C6828F982A7ADBD9002CCBD8 /* AppDelegate.swift */; };
		C6828F9B2A7ADBD9002CCBD8 /* SceneDelegate.swift in Sources */ = {isa = PBXBuildFile; fileRef = C6828F9A2A7ADBD9002CCBD8 /* SceneDelegate.swift */; };
		C6828FA52A7ADBDA002CCBD8 /* LaunchScreen.storyboard in Resources */ = {isa = PBXBuildFile; fileRef = C6828FA32A7ADBDA002CCBD8 /* LaunchScreen.storyboard */; };
		C6828FC22A7AE11F002CCBD8 /* burnley.mp3 in Resources */ = {isa = PBXBuildFile; fileRef = C6828FAE2A7AE11F002CCBD8 /* burnley.mp3 */; };
		C6828FC32A7AE11F002CCBD8 /* newcastle.mp3 in Resources */ = {isa = PBXBuildFile; fileRef = C6828FAF2A7AE11F002CCBD8 /* newcastle.mp3 */; };
		C6828FC42A7AE11F002CCBD8 /* sheffield.mp3 in Resources */ = {isa = PBXBuildFile; fileRef = C6828FB02A7AE11F002CCBD8 /* sheffield.mp3 */; };
		C6828FC52A7AE11F002CCBD8 /* west_brom.mp3 in Resources */ = {isa = PBXBuildFile; fileRef = C6828FB12A7AE11F002CCBD8 /* west_brom.mp3 */; };
		C6828FC62A7AE11F002CCBD8 /* wolves.mp3 in Resources */ = {isa = PBXBuildFile; fileRef = C6828FB22A7AE11F002CCBD8 /* wolves.mp3 */; };
		C6828FC72A7AE11F002CCBD8 /* aston_villa.mp3 in Resources */ = {isa = PBXBuildFile; fileRef = C6828FB32A7AE11F002CCBD8 /* aston_villa.mp3 */; };
		C6828FC82A7AE11F002CCBD8 /* liverpool.mp3 in Resources */ = {isa = PBXBuildFile; fileRef = C6828FB42A7AE11F002CCBD8 /* liverpool.mp3 */; };
		C6828FC92A7AE11F002CCBD8 /* fulham.mp3 in Resources */ = {isa = PBXBuildFile; fileRef = C6828FB52A7AE11F002CCBD8 /* fulham.mp3 */; };
		C6828FCA2A7AE11F002CCBD8 /* southampton.mp3 in Resources */ = {isa = PBXBuildFile; fileRef = C6828FB62A7AE11F002CCBD8 /* southampton.mp3 */; };
		C6828FCB2A7AE11F002CCBD8 /* chelsea.mp3 in Resources */ = {isa = PBXBuildFile; fileRef = C6828FB72A7AE11F002CCBD8 /* chelsea.mp3 */; };
		C6828FCC2A7AE11F002CCBD8 /* leeds.mp3 in Resources */ = {isa = PBXBuildFile; fileRef = C6828FB82A7AE11F002CCBD8 /* leeds.mp3 */; };
		C6828FCD2A7AE11F002CCBD8 /* palace.mp3 in Resources */ = {isa = PBXBuildFile; fileRef = C6828FB92A7AE11F002CCBD8 /* palace.mp3 */; };
		C6828FCE2A7AE11F002CCBD8 /* tottenham.mp3 in Resources */ = {isa = PBXBuildFile; fileRef = C6828FBA2A7AE11F002CCBD8 /* tottenham.mp3 */; };
		C6828FCF2A7AE11F002CCBD8 /* brighton.mp3 in Resources */ = {isa = PBXBuildFile; fileRef = C6828FBB2A7AE11F002CCBD8 /* brighton.mp3 */; };
		C6828FD02A7AE11F002CCBD8 /* leicester.mp3 in Resources */ = {isa = PBXBuildFile; fileRef = C6828FBC2A7AE11F002CCBD8 /* leicester.mp3 */; };
		C6828FD12A7AE11F002CCBD8 /* manchester_city.mp3 in Resources */ = {isa = PBXBuildFile; fileRef = C6828FBD2A7AE11F002CCBD8 /* manchester_city.mp3 */; };
		C6828FD22A7AE11F002CCBD8 /* manchester_united.mp3 in Resources */ = {isa = PBXBuildFile; fileRef = C6828FBE2A7AE11F002CCBD8 /* manchester_united.mp3 */; };
		C6828FD32A7AE11F002CCBD8 /* arsenal.mp3 in Resources */ = {isa = PBXBuildFile; fileRef = C6828FBF2A7AE11F002CCBD8 /* arsenal.mp3 */; };
		C6828FD42A7AE11F002CCBD8 /* everton.mp3 in Resources */ = {isa = PBXBuildFile; fileRef = C6828FC02A7AE11F002CCBD8 /* everton.mp3 */; };
		C6828FD52A7AE11F002CCBD8 /* Teams.swift in Sources */ = {isa = PBXBuildFile; fileRef = C6828FC12A7AE11F002CCBD8 /* Teams.swift */; };
		C6828FD72A7AE176002CCBD8 /* Assets.xcassets in Resources */ = {isa = PBXBuildFile; fileRef = C6828FD62A7AE176002CCBD8 /* Assets.xcassets */; };
		C6828FDA2A7AE3B1002CCBD8 /* ChantsViewController.swift in Sources */ = {isa = PBXBuildFile; fileRef = C6828FD92A7AE3B1002CCBD8 /* ChantsViewController.swift */; };
		C6B727672A7D3B5F002A4CA7 /* Team.swift in Sources */ = {isa = PBXBuildFile; fileRef = C6B727662A7D3B5F002A4CA7 /* Team.swift */; };
		C6B727692A7D3BC8002A4CA7 /* Manager.swift in Sources */ = {isa = PBXBuildFile; fileRef = C6B727682A7D3BC8002A4CA7 /* Manager.swift */; };
		C6B7276C2A7D3CD3002A4CA7 /* TeamsViewModel.swift in Sources */ = {isa = PBXBuildFile; fileRef = C6B7276B2A7D3CD3002A4CA7 /* TeamsViewModel.swift */; };
		C6B7276F2A818128002A4CA7 /* TeamTableViewCell.swift in Sources */ = {isa = PBXBuildFile; fileRef = C6B7276E2A818128002A4CA7 /* TeamTableViewCell.swift */; };
		C6B727932A8298FF002A4CA7 /* Assets.swift in Sources */ = {isa = PBXBuildFile; fileRef = C6B727922A8298FF002A4CA7 /* Assets.swift */; };
		C6B727952A82C50D002A4CA7 /* AudioManagerViewModel.swift in Sources */ = {isa = PBXBuildFile; fileRef = C6B727942A82C50D002A4CA7 /* AudioManagerViewModel.swift */; };
/* End PBXBuildFile section */

/* Begin PBXFileReference section */
		C6828F952A7ADBD9002CCBD8 /* Premier League Chants.app */ = {isa = PBXFileReference; explicitFileType = wrapper.application; includeInIndex = 0; path = "Premier League Chants.app"; sourceTree = BUILT_PRODUCTS_DIR; };
		C6828F982A7ADBD9002CCBD8 /* AppDelegate.swift */ = {isa = PBXFileReference; lastKnownFileType = sourcecode.swift; path = AppDelegate.swift; sourceTree = "<group>"; };
		C6828F9A2A7ADBD9002CCBD8 /* SceneDelegate.swift */ = {isa = PBXFileReference; lastKnownFileType = sourcecode.swift; path = SceneDelegate.swift; sourceTree = "<group>"; };
		C6828FA42A7ADBDA002CCBD8 /* Base */ = {isa = PBXFileReference; lastKnownFileType = file.storyboard; name = Base; path = Base.lproj/LaunchScreen.storyboard; sourceTree = "<group>"; };
		C6828FA62A7ADBDA002CCBD8 /* Info.plist */ = {isa = PBXFileReference; lastKnownFileType = text.plist.xml; path = Info.plist; sourceTree = "<group>"; };
		C6828FAE2A7AE11F002CCBD8 /* burnley.mp3 */ = {isa = PBXFileReference; lastKnownFileType = audio.mp3; path = burnley.mp3; sourceTree = "<group>"; };
		C6828FAF2A7AE11F002CCBD8 /* newcastle.mp3 */ = {isa = PBXFileReference; lastKnownFileType = audio.mp3; path = newcastle.mp3; sourceTree = "<group>"; };
		C6828FB02A7AE11F002CCBD8 /* sheffield.mp3 */ = {isa = PBXFileReference; lastKnownFileType = audio.mp3; path = sheffield.mp3; sourceTree = "<group>"; };
		C6828FB12A7AE11F002CCBD8 /* west_brom.mp3 */ = {isa = PBXFileReference; lastKnownFileType = audio.mp3; path = west_brom.mp3; sourceTree = "<group>"; };
		C6828FB22A7AE11F002CCBD8 /* wolves.mp3 */ = {isa = PBXFileReference; lastKnownFileType = audio.mp3; path = wolves.mp3; sourceTree = "<group>"; };
		C6828FB32A7AE11F002CCBD8 /* aston_villa.mp3 */ = {isa = PBXFileReference; lastKnownFileType = audio.mp3; path = aston_villa.mp3; sourceTree = "<group>"; };
		C6828FB42A7AE11F002CCBD8 /* liverpool.mp3 */ = {isa = PBXFileReference; lastKnownFileType = audio.mp3; path = liverpool.mp3; sourceTree = "<group>"; };
		C6828FB52A7AE11F002CCBD8 /* fulham.mp3 */ = {isa = PBXFileReference; lastKnownFileType = audio.mp3; path = fulham.mp3; sourceTree = "<group>"; };
		C6828FB62A7AE11F002CCBD8 /* southampton.mp3 */ = {isa = PBXFileReference; lastKnownFileType = audio.mp3; path = southampton.mp3; sourceTree = "<group>"; };
		C6828FB72A7AE11F002CCBD8 /* chelsea.mp3 */ = {isa = PBXFileReference; lastKnownFileType = audio.mp3; path = chelsea.mp3; sourceTree = "<group>"; };
		C6828FB82A7AE11F002CCBD8 /* leeds.mp3 */ = {isa = PBXFileReference; lastKnownFileType = audio.mp3; path = leeds.mp3; sourceTree = "<group>"; };
		C6828FB92A7AE11F002CCBD8 /* palace.mp3 */ = {isa = PBXFileReference; lastKnownFileType = audio.mp3; path = palace.mp3; sourceTree = "<group>"; };
		C6828FBA2A7AE11F002CCBD8 /* tottenham.mp3 */ = {isa = PBXFileReference; lastKnownFileType = audio.mp3; path = tottenham.mp3; sourceTree = "<group>"; };
		C6828FBB2A7AE11F002CCBD8 /* brighton.mp3 */ = {isa = PBXFileReference; lastKnownFileType = audio.mp3; path = brighton.mp3; sourceTree = "<group>"; };
		C6828FBC2A7AE11F002CCBD8 /* leicester.mp3 */ = {isa = PBXFileReference; lastKnownFileType = audio.mp3; path = leicester.mp3; sourceTree = "<group>"; };
		C6828FBD2A7AE11F002CCBD8 /* manchester_city.mp3 */ = {isa = PBXFileReference; lastKnownFileType = audio.mp3; path = manchester_city.mp3; sourceTree = "<group>"; };
		C6828FBE2A7AE11F002CCBD8 /* manchester_united.mp3 */ = {isa = PBXFileReference; lastKnownFileType = audio.mp3; path = manchester_united.mp3; sourceTree = "<group>"; };
		C6828FBF2A7AE11F002CCBD8 /* arsenal.mp3 */ = {isa = PBXFileReference; lastKnownFileType = audio.mp3; path = arsenal.mp3; sourceTree = "<group>"; };
		C6828FC02A7AE11F002CCBD8 /* everton.mp3 */ = {isa = PBXFileReference; lastKnownFileType = audio.mp3; path = everton.mp3; sourceTree = "<group>"; };
		C6828FC12A7AE11F002CCBD8 /* Teams.swift */ = {isa = PBXFileReference; fileEncoding = 4; lastKnownFileType = sourcecode.swift; path = Teams.swift; sourceTree = "<group>"; };
		C6828FD62A7AE176002CCBD8 /* Assets.xcassets */ = {isa = PBXFileReference; lastKnownFileType = folder.assetcatalog; path = Assets.xcassets; sourceTree = "<group>"; };
		C6828FD92A7AE3B1002CCBD8 /* ChantsViewController.swift */ = {isa = PBXFileReference; lastKnownFileType = sourcecode.swift; path = ChantsViewController.swift; sourceTree = "<group>"; };
		C6B727662A7D3B5F002A4CA7 /* Team.swift */ = {isa = PBXFileReference; lastKnownFileType = sourcecode.swift; path = Team.swift; sourceTree = "<group>"; };
		C6B727682A7D3BC8002A4CA7 /* Manager.swift */ = {isa = PBXFileReference; lastKnownFileType = sourcecode.swift; path = Manager.swift; sourceTree = "<group>"; };
		C6B7276B2A7D3CD3002A4CA7 /* TeamsViewModel.swift */ = {isa = PBXFileReference; fileEncoding = 4; lastKnownFileType = sourcecode.swift; path = TeamsViewModel.swift; sourceTree = "<group>"; };
		C6B7276E2A818128002A4CA7 /* TeamTableViewCell.swift */ = {isa = PBXFileReference; lastKnownFileType = sourcecode.swift; path = TeamTableViewCell.swift; sourceTree = "<group>"; };
		C6B727922A8298FF002A4CA7 /* Assets.swift */ = {isa = PBXFileReference; lastKnownFileType = sourcecode.swift; name = Assets.swift; path = ../../../../../Downloads/Assets.swift; sourceTree = "<group>"; };
		C6B727942A82C50D002A4CA7 /* AudioManagerViewModel.swift */ = {isa = PBXFileReference; lastKnownFileType = sourcecode.swift; path = AudioManagerViewModel.swift; sourceTree = "<group>"; };
/* End PBXFileReference section */

/* Begin PBXFrameworksBuildPhase section */
		C6828F922A7ADBD9002CCBD8 /* Frameworks */ = {
			isa = PBXFrameworksBuildPhase;
			buildActionMask = 2147483647;
			files = (
			);
			runOnlyForDeploymentPostprocessing = 0;
		};
/* End PBXFrameworksBuildPhase section */

/* Begin PBXGroup section */
		C6828F8C2A7ADBD9002CCBD8 = {
			isa = PBXGroup;
			children = (
				C6828F972A7ADBD9002CCBD8 /* Premier League Chants */,
				C6828F962A7ADBD9002CCBD8 /* Products */,
			);
			sourceTree = "<group>";
		};
		C6828F962A7ADBD9002CCBD8 /* Products */ = {
			isa = PBXGroup;
			children = (
				C6828F952A7ADBD9002CCBD8 /* Premier League Chants.app */,
			);
			name = Products;
			sourceTree = "<group>";
		};
		C6828F972A7ADBD9002CCBD8 /* Premier League Chants */ = {
			isa = PBXGroup;
			children = (
				C6B7276D2A8180E4002A4CA7 /* Views */,
				C6B7276A2A7D3CD3002A4CA7 /* ViewModel */,
				C6B727652A7D3B41002A4CA7 /* Model */,
				C6828FD82A7AE363002CCBD8 /* ViewController */,
				C6828FAC2A7AE11F002CCBD8 /* Resources */,
				C6828F982A7ADBD9002CCBD8 /* AppDelegate.swift */,
				C6828F9A2A7ADBD9002CCBD8 /* SceneDelegate.swift */,
				C6828FA32A7ADBDA002CCBD8 /* LaunchScreen.storyboard */,
				C6828FA62A7ADBDA002CCBD8 /* Info.plist */,
				C6828FD62A7AE176002CCBD8 /* Assets.xcassets */,
			);
			path = "Premier League Chants";
			sourceTree = "<group>";
		};
		C6828FAC2A7AE11F002CCBD8 /* Resources */ = {
			isa = PBXGroup;
			children = (
				C6828FAD2A7AE11F002CCBD8 /* Chants */,
				C6828FC12A7AE11F002CCBD8 /* Teams.swift */,
				C6B727922A8298FF002A4CA7 /* Assets.swift */,
			);
			path = Resources;
			sourceTree = "<group>";
		};
		C6828FAD2A7AE11F002CCBD8 /* Chants */ = {
			isa = PBXGroup;
			children = (
				C6828FAE2A7AE11F002CCBD8 /* burnley.mp3 */,
				C6828FAF2A7AE11F002CCBD8 /* newcastle.mp3 */,
				C6828FB02A7AE11F002CCBD8 /* sheffield.mp3 */,
				C6828FB12A7AE11F002CCBD8 /* west_brom.mp3 */,
				C6828FB22A7AE11F002CCBD8 /* wolves.mp3 */,
				C6828FB32A7AE11F002CCBD8 /* aston_villa.mp3 */,
				C6828FB42A7AE11F002CCBD8 /* liverpool.mp3 */,
				C6828FB52A7AE11F002CCBD8 /* fulham.mp3 */,
				C6828FB62A7AE11F002CCBD8 /* southampton.mp3 */,
				C6828FB72A7AE11F002CCBD8 /* chelsea.mp3 */,
				C6828FB82A7AE11F002CCBD8 /* leeds.mp3 */,
				C6828FB92A7AE11F002CCBD8 /* palace.mp3 */,
				C6828FBA2A7AE11F002CCBD8 /* tottenham.mp3 */,
				C6828FBB2A7AE11F002CCBD8 /* brighton.mp3 */,
				C6828FBC2A7AE11F002CCBD8 /* leicester.mp3 */,
				C6828FBD2A7AE11F002CCBD8 /* manchester_city.mp3 */,
				C6828FBE2A7AE11F002CCBD8 /* manchester_united.mp3 */,
				C6828FBF2A7AE11F002CCBD8 /* arsenal.mp3 */,
				C6828FC02A7AE11F002CCBD8 /* everton.mp3 */,
			);
			path = Chants;
			sourceTree = "<group>";
		};
		C6828FD82A7AE363002CCBD8 /* ViewController */ = {
			isa = PBXGroup;
			children = (
				C6828FD92A7AE3B1002CCBD8 /* ChantsViewController.swift */,
			);
			path = ViewController;
			sourceTree = "<group>";
		};
		C6B727652A7D3B41002A4CA7 /* Model */ = {
			isa = PBXGroup;
			children = (
				C6B727662A7D3B5F002A4CA7 /* Team.swift */,
				C6B727682A7D3BC8002A4CA7 /* Manager.swift */,
			);
			path = Model;
			sourceTree = "<group>";
		};
		C6B7276A2A7D3CD3002A4CA7 /* ViewModel */ = {
			isa = PBXGroup;
			children = (
				C6B7276B2A7D3CD3002A4CA7 /* TeamsViewModel.swift */,
				C6B727942A82C50D002A4CA7 /* AudioManagerViewModel.swift */,
			);
			path = ViewModel;
			sourceTree = "<group>";
		};
		C6B7276D2A8180E4002A4CA7 /* Views */ = {
			isa = PBXGroup;
			children = (
				C6B7276E2A818128002A4CA7 /* TeamTableViewCell.swift */,
			);
			path = Views;
			sourceTree = "<group>";
		};
/* End PBXGroup section */

/* Begin PBXNativeTarget section */
		C6828F942A7ADBD9002CCBD8 /* Premier League Chants */ = {
			isa = PBXNativeTarget;
			buildConfigurationList = C6828FA92A7ADBDA002CCBD8 /* Build configuration list for PBXNativeTarget "Premier League Chants" */;
			buildPhases = (
				C6828F912A7ADBD9002CCBD8 /* Sources */,
				C6828F922A7ADBD9002CCBD8 /* Frameworks */,
				C6828F932A7ADBD9002CCBD8 /* Resources */,
			);
			buildRules = (
			);
			dependencies = (
			);
			name = "Premier League Chants";
			productName = "Premier League Chants";
			productReference = C6828F952A7ADBD9002CCBD8 /* Premier League Chants.app */;
			productType = "com.apple.product-type.application";
		};
/* End PBXNativeTarget section */

/* Begin PBXProject section */
		C6828F8D2A7ADBD9002CCBD8 /* Project object */ = {
			isa = PBXProject;
			attributes = {
				BuildIndependentTargetsInParallel = 1;
				LastSwiftUpdateCheck = 1430;
				LastUpgradeCheck = 1430;
				TargetAttributes = {
					C6828F942A7ADBD9002CCBD8 = {
						CreatedOnToolsVersion = 14.3;
					};
				};
			};
			buildConfigurationList = C6828F902A7ADBD9002CCBD8 /* Build configuration list for PBXProject "Premier League Chants" */;
			compatibilityVersion = "Xcode 14.0";
			developmentRegion = en;
			hasScannedForEncodings = 0;
			knownRegions = (
				en,
				Base,
			);
			mainGroup = C6828F8C2A7ADBD9002CCBD8;
			productRefGroup = C6828F962A7ADBD9002CCBD8 /* Products */;
			projectDirPath = "";
			projectRoot = "";
			targets = (
				C6828F942A7ADBD9002CCBD8 /* Premier League Chants */,
			);
		};
/* End PBXProject section */

/* Begin PBXResourcesBuildPhase section */
		C6828F932A7ADBD9002CCBD8 /* Resources */ = {
			isa = PBXResourcesBuildPhase;
			buildActionMask = 2147483647;
			files = (
				C6828FA52A7ADBDA002CCBD8 /* LaunchScreen.storyboard in Resources */,
				C6828FD12A7AE11F002CCBD8 /* manchester_city.mp3 in Resources */,
				C6828FCE2A7AE11F002CCBD8 /* tottenham.mp3 in Resources */,
				C6828FC92A7AE11F002CCBD8 /* fulham.mp3 in Resources */,
				C6828FD72A7AE176002CCBD8 /* Assets.xcassets in Resources */,
				C6828FC72A7AE11F002CCBD8 /* aston_villa.mp3 in Resources */,
				C6828FC32A7AE11F002CCBD8 /* newcastle.mp3 in Resources */,
				C6828FD22A7AE11F002CCBD8 /* manchester_united.mp3 in Resources */,
				C6828FCC2A7AE11F002CCBD8 /* leeds.mp3 in Resources */,
				C6828FCF2A7AE11F002CCBD8 /* brighton.mp3 in Resources */,
				C6828FCD2A7AE11F002CCBD8 /* palace.mp3 in Resources */,
				C6828FCA2A7AE11F002CCBD8 /* southampton.mp3 in Resources */,
				C6828FC62A7AE11F002CCBD8 /* wolves.mp3 in Resources */,
				C6828FD42A7AE11F002CCBD8 /* everton.mp3 in Resources */,
				C6828FC52A7AE11F002CCBD8 /* west_brom.mp3 in Resources */,
				C6828FC22A7AE11F002CCBD8 /* burnley.mp3 in Resources */,
				C6828FD32A7AE11F002CCBD8 /* arsenal.mp3 in Resources */,
				C6828FD02A7AE11F002CCBD8 /* leicester.mp3 in Resources */,
				C6828FC42A7AE11F002CCBD8 /* sheffield.mp3 in Resources */,
				C6828FCB2A7AE11F002CCBD8 /* chelsea.mp3 in Resources */,
				C6828FC82A7AE11F002CCBD8 /* liverpool.mp3 in Resources */,
			);
			runOnlyForDeploymentPostprocessing = 0;
		};
/* End PBXResourcesBuildPhase section */

/* Begin PBXSourcesBuildPhase section */
		C6828F912A7ADBD9002CCBD8 /* Sources */ = {
			isa = PBXSourcesBuildPhase;
			buildActionMask = 2147483647;
			files = (
				C6828FDA2A7AE3B1002CCBD8 /* ChantsViewController.swift in Sources */,
				C6B7276C2A7D3CD3002A4CA7 /* TeamsViewModel.swift in Sources */,
				C6B727692A7D3BC8002A4CA7 /* Manager.swift in Sources */,
				C6828FD52A7AE11F002CCBD8 /* Teams.swift in Sources */,
				C6B7276F2A818128002A4CA7 /* TeamTableViewCell.swift in Sources */,
				C6B727952A82C50D002A4CA7 /* AudioManagerViewModel.swift in Sources */,
				C6828F992A7ADBD9002CCBD8 /* AppDelegate.swift in Sources */,
				C6B727672A7D3B5F002A4CA7 /* Team.swift in Sources */,
				C6828F9B2A7ADBD9002CCBD8 /* SceneDelegate.swift in Sources */,
				C6B727932A8298FF002A4CA7 /* Assets.swift in Sources */,
			);
			runOnlyForDeploymentPostprocessing = 0;
		};
/* End PBXSourcesBuildPhase section */

/* Begin PBXVariantGroup section */
		C6828FA32A7ADBDA002CCBD8 /* LaunchScreen.storyboard */ = {
			isa = PBXVariantGroup;
			children = (
				C6828FA42A7ADBDA002CCBD8 /* Base */,
			);
			name = LaunchScreen.storyboard;
			sourceTree = "<group>";
		};
/* End PBXVariantGroup section */

/* Begin XCBuildConfiguration section */
		C6828FA72A7ADBDA002CCBD8 /* Debug */ = {
			isa = XCBuildConfiguration;
			buildSettings = {
				ALWAYS_SEARCH_USER_PATHS = NO;
				CLANG_ANALYZER_NONNULL = YES;
				CLANG_ANALYZER_NUMBER_OBJECT_CONVERSION = YES_AGGRESSIVE;
				CLANG_CXX_LANGUAGE_STANDARD = "gnu++20";
				CLANG_ENABLE_MODULES = YES;
				CLANG_ENABLE_OBJC_ARC = YES;
				CLANG_ENABLE_OBJC_WEAK = YES;
				CLANG_WARN_BLOCK_CAPTURE_AUTORELEASING = YES;
				CLANG_WARN_BOOL_CONVERSION = YES;
				CLANG_WARN_COMMA = YES;
				CLANG_WARN_CONSTANT_CONVERSION = YES;
				CLANG_WARN_DEPRECATED_OBJC_IMPLEMENTATIONS = YES;
				CLANG_WARN_DIRECT_OBJC_ISA_USAGE = YES_ERROR;
				CLANG_WARN_DOCUMENTATION_COMMENTS = YES;
				CLANG_WARN_EMPTY_BODY = YES;
				CLANG_WARN_ENUM_CONVERSION = YES;
				CLANG_WARN_INFINITE_RECURSION = YES;
				CLANG_WARN_INT_CONVERSION = YES;
				CLANG_WARN_NON_LITERAL_NULL_CONVERSION = YES;
				CLANG_WARN_OBJC_IMPLICIT_RETAIN_SELF = YES;
				CLANG_WARN_OBJC_LITERAL_CONVERSION = YES;
				CLANG_WARN_OBJC_ROOT_CLASS = YES_ERROR;
				CLANG_WARN_QUOTED_INCLUDE_IN_FRAMEWORK_HEADER = YES;
				CLANG_WARN_RANGE_LOOP_ANALYSIS = YES;
				CLANG_WARN_STRICT_PROTOTYPES = YES;
				CLANG_WARN_SUSPICIOUS_MOVE = YES;
				CLANG_WARN_UNGUARDED_AVAILABILITY = YES_AGGRESSIVE;
				CLANG_WARN_UNREACHABLE_CODE = YES;
				CLANG_WARN__DUPLICATE_METHOD_MATCH = YES;
				COPY_PHASE_STRIP = NO;
				DEBUG_INFORMATION_FORMAT = dwarf;
				ENABLE_STRICT_OBJC_MSGSEND = YES;
				ENABLE_TESTABILITY = YES;
				GCC_C_LANGUAGE_STANDARD = gnu11;
				GCC_DYNAMIC_NO_PIC = NO;
				GCC_NO_COMMON_BLOCKS = YES;
				GCC_OPTIMIZATION_LEVEL = 0;
				GCC_PREPROCESSOR_DEFINITIONS = (
					"DEBUG=1",
					"$(inherited)",
				);
				GCC_WARN_64_TO_32_BIT_CONVERSION = YES;
				GCC_WARN_ABOUT_RETURN_TYPE = YES_ERROR;
				GCC_WARN_UNDECLARED_SELECTOR = YES;
				GCC_WARN_UNINITIALIZED_AUTOS = YES_AGGRESSIVE;
				GCC_WARN_UNUSED_FUNCTION = YES;
				GCC_WARN_UNUSED_VARIABLE = YES;
				IPHONEOS_DEPLOYMENT_TARGET = 16.4;
				MTL_ENABLE_DEBUG_INFO = INCLUDE_SOURCE;
				MTL_FAST_MATH = YES;
				ONLY_ACTIVE_ARCH = YES;
				SDKROOT = iphoneos;
				SWIFT_ACTIVE_COMPILATION_CONDITIONS = DEBUG;
				SWIFT_OPTIMIZATION_LEVEL = "-Onone";
			};
			name = Debug;
		};
		C6828FA82A7ADBDA002CCBD8 /* Release */ = {
			isa = XCBuildConfiguration;
			buildSettings = {
				ALWAYS_SEARCH_USER_PATHS = NO;
				CLANG_ANALYZER_NONNULL = YES;
				CLANG_ANALYZER_NUMBER_OBJECT_CONVERSION = YES_AGGRESSIVE;
				CLANG_CXX_LANGUAGE_STANDARD = "gnu++20";
				CLANG_ENABLE_MODULES = YES;
				CLANG_ENABLE_OBJC_ARC = YES;
				CLANG_ENABLE_OBJC_WEAK = YES;
				CLANG_WARN_BLOCK_CAPTURE_AUTORELEASING = YES;
				CLANG_WARN_BOOL_CONVERSION = YES;
				CLANG_WARN_COMMA = YES;
				CLANG_WARN_CONSTANT_CONVERSION = YES;
				CLANG_WARN_DEPRECATED_OBJC_IMPLEMENTATIONS = YES;
				CLANG_WARN_DIRECT_OBJC_ISA_USAGE = YES_ERROR;
				CLANG_WARN_DOCUMENTATION_COMMENTS = YES;
				CLANG_WARN_EMPTY_BODY = YES;
				CLANG_WARN_ENUM_CONVERSION = YES;
				CLANG_WARN_INFINITE_RECURSION = YES;
				CLANG_WARN_INT_CONVERSION = YES;
				CLANG_WARN_NON_LITERAL_NULL_CONVERSION = YES;
				CLANG_WARN_OBJC_IMPLICIT_RETAIN_SELF = YES;
				CLANG_WARN_OBJC_LITERAL_CONVERSION = YES;
				CLANG_WARN_OBJC_ROOT_CLASS = YES_ERROR;
				CLANG_WARN_QUOTED_INCLUDE_IN_FRAMEWORK_HEADER = YES;
				CLANG_WARN_RANGE_LOOP_ANALYSIS = YES;
				CLANG_WARN_STRICT_PROTOTYPES = YES;
				CLANG_WARN_SUSPICIOUS_MOVE = YES;
				CLANG_WARN_UNGUARDED_AVAILABILITY = YES_AGGRESSIVE;
				CLANG_WARN_UNREACHABLE_CODE = YES;
				CLANG_WARN__DUPLICATE_METHOD_MATCH = YES;
				COPY_PHASE_STRIP = NO;
				DEBUG_INFORMATION_FORMAT = "dwarf-with-dsym";
				ENABLE_NS_ASSERTIONS = NO;
				ENABLE_STRICT_OBJC_MSGSEND = YES;
				GCC_C_LANGUAGE_STANDARD = gnu11;
				GCC_NO_COMMON_BLOCKS = YES;
				GCC_WARN_64_TO_32_BIT_CONVERSION = YES;
				GCC_WARN_ABOUT_RETURN_TYPE = YES_ERROR;
				GCC_WARN_UNDECLARED_SELECTOR = YES;
				GCC_WARN_UNINITIALIZED_AUTOS = YES_AGGRESSIVE;
				GCC_WARN_UNUSED_FUNCTION = YES;
				GCC_WARN_UNUSED_VARIABLE = YES;
				IPHONEOS_DEPLOYMENT_TARGET = 16.4;
				MTL_ENABLE_DEBUG_INFO = NO;
				MTL_FAST_MATH = YES;
				SDKROOT = iphoneos;
				SWIFT_COMPILATION_MODE = wholemodule;
				SWIFT_OPTIMIZATION_LEVEL = "-O";
				VALIDATE_PRODUCT = YES;
			};
			name = Release;
		};
		C6828FAA2A7ADBDA002CCBD8 /* Debug */ = {
			isa = XCBuildConfiguration;
			buildSettings = {
				ASSETCATALOG_COMPILER_GLOBAL_ACCENT_COLOR_NAME = AccentColor;
				ASSETCATALOG_COMPILER_INCLUDE_ALL_APPICON_ASSETS = NO;
				CODE_SIGN_STYLE = Automatic;
				CURRENT_PROJECT_VERSION = 1;
				DEVELOPMENT_TEAM = 8W5R5KT23H;
				GENERATE_INFOPLIST_FILE = YES;
				INFOPLIST_FILE = "Premier League Chants/Info.plist";
				INFOPLIST_KEY_UIApplicationSupportsIndirectInputEvents = YES;
				INFOPLIST_KEY_UILaunchStoryboardName = LaunchScreen;
				INFOPLIST_KEY_UISupportedInterfaceOrientations = UIInterfaceOrientationPortrait;
				INFOPLIST_KEY_UISupportedInterfaceOrientations_iPad = "UIInterfaceOrientationLandscapeLeft UIInterfaceOrientationLandscapeRight UIInterfaceOrientationPortrait UIInterfaceOrientationPortraitUpsideDown";
				IPHONEOS_DEPLOYMENT_TARGET = 13.0;
				LD_RUNPATH_SEARCH_PATHS = (
					"$(inherited)",
					"@executable_path/Frameworks",
				);
				MARKETING_VERSION = 1.0;
				PRODUCT_BUNDLE_IDENTIFIER = "com.mikhailGerman.Premier-League-Chants";
				PRODUCT_NAME = "$(TARGET_NAME)";
				SUPPORTED_PLATFORMS = "iphoneos iphonesimulator";
				SUPPORTS_MACCATALYST = NO;
				SUPPORTS_MAC_DESIGNED_FOR_IPHONE_IPAD = NO;
				SWIFT_EMIT_LOC_STRINGS = YES;
				SWIFT_VERSION = 5.0;
				TARGETED_DEVICE_FAMILY = 1;
			};
			name = Debug;
		};
		C6828FAB2A7ADBDA002CCBD8 /* Release */ = {
			isa = XCBuildConfiguration;
			buildSettings = {
				ASSETCATALOG_COMPILER_GLOBAL_ACCENT_COLOR_NAME = AccentColor;
				ASSETCATALOG_COMPILER_INCLUDE_ALL_APPICON_ASSETS = NO;
				CODE_SIGN_STYLE = Automatic;
				CURRENT_PROJECT_VERSION = 1;
				DEVELOPMENT_TEAM = 8W5R5KT23H;
				GENERATE_INFOPLIST_FILE = YES;
				INFOPLIST_FILE = "Premier League Chants/Info.plist";
				INFOPLIST_KEY_UIApplicationSupportsIndirectInputEvents = YES;
				INFOPLIST_KEY_UILaunchStoryboardName = LaunchScreen;
				INFOPLIST_KEY_UISupportedInterfaceOrientations = UIInterfaceOrientationPortrait;
				INFOPLIST_KEY_UISupportedInterfaceOrientations_iPad = "UIInterfaceOrientationLandscapeLeft UIInterfaceOrientationLandscapeRight UIInterfaceOrientationPortrait UIInterfaceOrientationPortraitUpsideDown";
				IPHONEOS_DEPLOYMENT_TARGET = 13.0;
				LD_RUNPATH_SEARCH_PATHS = (
					"$(inherited)",
					"@executable_path/Frameworks",
				);
				MARKETING_VERSION = 1.0;
				PRODUCT_BUNDLE_IDENTIFIER = "com.mikhailGerman.Premier-League-Chants";
				PRODUCT_NAME = "$(TARGET_NAME)";
				SUPPORTED_PLATFORMS = "iphoneos iphonesimulator";
				SUPPORTS_MACCATALYST = NO;
				SUPPORTS_MAC_DESIGNED_FOR_IPHONE_IPAD = NO;
				SWIFT_EMIT_LOC_STRINGS = YES;
				SWIFT_VERSION = 5.0;
				TARGETED_DEVICE_FAMILY = 1;
			};
			name = Release;
		};
/* End XCBuildConfiguration section */

/* Begin XCConfigurationList section */
		C6828F902A7ADBD9002CCBD8 /* Build configuration list for PBXProject "Premier League Chants" */ = {
			isa = XCConfigurationList;
			buildConfigurations = (
				C6828FA72A7ADBDA002CCBD8 /* Debug */,
				C6828FA82A7ADBDA002CCBD8 /* Release */,
			);
			defaultConfigurationIsVisible = 0;
			defaultConfigurationName = Release;
		};
		C6828FA92A7ADBDA002CCBD8 /* Build configuration list for PBXNativeTarget "Premier League Chants" */ = {
			isa = XCConfigurationList;
			buildConfigurations = (
				C6828FAA2A7ADBDA002CCBD8 /* Debug */,
				C6828FAB2A7ADBDA002CCBD8 /* Release */,
			);
			defaultConfigurationIsVisible = 0;
			defaultConfigurationName = Release;
		};
/* End XCConfigurationList section */
	};
	rootObject = C6828F8D2A7ADBD9002CCBD8 /* Project object */;
}
